<?xml version="1.0" encoding="utf-8"?>
<Project ToolsVersion="4.0" xmlns="http://schemas.microsoft.com/developer/msbuild/2003">
  <ItemGroup>
    <Filter Include="Source Files">
      <UniqueIdentifier>{4FC737F1-C7A5-4376-A066-2A32D752A2FF}</UniqueIdentifier>
      <Extensions>cpp;c;cc;cxx;c++;cppm;ixx;def;odl;idl;hpj;bat;asm;asmx</Extensions>
    </Filter>
    <Filter Include="Header Files">
      <UniqueIdentifier>{93995380-89BD-4b04-88EB-625FBE52EBFB}</UniqueIdentifier>
      <Extensions>h;hh;hpp;hxx;h++;hm;inl;inc;ipp;xsd</Extensions>
    </Filter>
    <Filter Include="Resource Files">
      <UniqueIdentifier>{67DA6AB6-F800-4c08-8B7A-83BB121AAD01}</UniqueIdentifier>
      <Extensions>rc;ico;cur;bmp;dlg;rc2;rct;bin;rgs;gif;jpg;jpeg;jpe;resx;tiff;tif;png;wav;mfcribbon-ms</Extensions>
    </Filter>
    <Filter Include="Source Files\src">
      <UniqueIdentifier>{252b3343-e196-4305-8270-4cfc170da03e}</UniqueIdentifier>
    </Filter>
    <Filter Include="Source Files\src\handler">
      <UniqueIdentifier>{8d1249ec-e688-4667-aa43-9c5a685a5479}</UniqueIdentifier>
    </Filter>
    <Filter Include="Source Files\src\object">
      <UniqueIdentifier>{df0a804e-3e7c-4e88-8469-33bafa6f06f9}</UniqueIdentifier>
    </Filter>
    <Filter Include="Source Files\src\object\player">
      <UniqueIdentifier>{235062ba-ad97-4fb9-99b4-419f546d6a08}</UniqueIdentifier>
    </Filter>
    <Filter Include="Source Files\src\phase">
      <UniqueIdentifier>{0d9e45a8-db49-4923-88a9-06ed151786be}</UniqueIdentifier>
    </Filter>
  </ItemGroup>
  <ItemGroup>
    <ClCompile Include="Main.cpp">
      <Filter>Source Files\src</Filter>
    </ClCompile>
    <ClCompile Include="MainHandler.cpp">
      <Filter>Source Files\src\handler</Filter>
    </ClCompile>
    <ClCompile Include="Player.cpp">
      <Filter>Source Files\src\object\player</Filter>
    </ClCompile>
    <ClCompile Include="Exception.cpp">
      <Filter>Source Files\src</Filter>
    </ClCompile>
    <ClCompile Include="GamePhaseIntro.cpp">
      <Filter>Source Files\src\phase</Filter>
    </ClCompile>
  </ItemGroup>
  <ItemGroup>
    <ClInclude Include="MainHandler.h">
      <Filter>Header Files</Filter>
    </ClInclude>
    <ClInclude Include="ConstantDecl.h">
      <Filter>Header Files</Filter>
    </ClInclude>
    <ClInclude Include="GamePhaseImp.h">
      <Filter>Header Files</Filter>
    </ClInclude>
    <ClInclude Include="Player.h">
      <Filter>Header Files</Filter>
    </ClInclude>
    <ClInclude Include="GamePhaseIntro.h">
      <Filter>Header Files</Filter>
    </ClInclude>
    <ClInclude Include="GamePhaseEnd.h">
      <Filter>Header Files</Filter>
    </ClInclude>
    <ClInclude Include="GamePhaseWorking.h">
      <Filter>Header Files</Filter>
    </ClInclude>
    <ClInclude Include="Exception.h">
      <Filter>Header Files</Filter>
    </ClInclude>
  </ItemGroup>
</Project>